
Microsoft Visual Studio Solution File, Format Version 12.00
# Visual Studio Version 17
VisualStudioVersion = 17.6.33717.318
MinimumVisualStudioVersion = 10.0.40219.1
Project("{FAE04EC0-301F-11D3-BF4B-00C04F79EFBC}") = "calculadora", "calculadora\calculadora.csproj", "{5579FEE7-226D-4F69-96BF-CA8943531140}"
EndProject
Global
	GlobalSection(SolutionConfigurationPlatforms) = preSolution
		Debug|Any CPU = Debug|Any CPU
		Release|Any CPU = Release|Any CPU
	EndGlobalSection
	GlobalSection(ProjectConfigurationPlatforms) = postSolution
		{5579FEE7-226D-4F69-96BF-CA8943531140}.Debug|Any CPU.ActiveCfg = Debug|Any CPU
		{5579FEE7-226D-4F69-96BF-CA8943531140}.Debug|Any CPU.Build.0 = Debug|Any CPU
		{5579FEE7-226D-4F69-96BF-CA8943531140}.Release|Any CPU.ActiveCfg = Release|Any CPU
		{5579FEE7-226D-4F69-96BF-CA8943531140}.Release|Any CPU.Build.0 = Release|Any CPU
	EndGlobalSection
	GlobalSection(SolutionProperties) = preSolution
		HideSolutionNode = FALSE
	EndGlobalSection
	GlobalSection(ExtensibilityGlobals) = postSolution
		SolutionGuid = {26CB00C1-E644-477C-AB8B-8EBA9A83EF3C}
	EndGlobalSection
EndGlobal
